
Microsoft Visual Studio Solution File, Format Version 12.00
# Visual Studio Version 17
VisualStudioVersion = 17.8.34601.278
MinimumVisualStudioVersion = 10.0.40219.1
Project("{FAE04EC0-301F-11D3-BF4B-00C04F79EFBC}") = "TunahanAliOzturk.AlgorithmsDataStructuresSamples", "TunahanAliOzturk.AlgorithmsDataStructuresSamples\TunahanAliOzturk.AlgorithmsDataStructuresSamples.csproj", "{E3DE7BCF-6044-4995-A03F-0C168515D232}"
EndProject
Global
	GlobalSection(SolutionConfigurationPlatforms) = preSolution
		Debug|Any CPU = Debug|Any CPU
		Release|Any CPU = Release|Any CPU
	EndGlobalSection
	GlobalSection(ProjectConfigurationPlatforms) = postSolution
		{E3DE7BCF-6044-4995-A03F-0C168515D232}.Debug|Any CPU.ActiveCfg = Debug|Any CPU
		{E3DE7BCF-6044-4995-A03F-0C168515D232}.Debug|Any CPU.Build.0 = Debug|Any CPU
		{E3DE7BCF-6044-4995-A03F-0C168515D232}.Release|Any CPU.ActiveCfg = Release|Any CPU
		{E3DE7BCF-6044-4995-A03F-0C168515D232}.Release|Any CPU.Build.0 = Release|Any CPU
	EndGlobalSection
	GlobalSection(SolutionProperties) = preSolution
		HideSolutionNode = FALSE
	EndGlobalSection
	GlobalSection(ExtensibilityGlobals) = postSolution
		SolutionGuid = {4C917079-91DE-45AE-831C-E78C7A4CFAD5}
	EndGlobalSection
EndGlobal
